
Microsoft Visual Studio Solution File, Format Version 12.00
# Visual Studio Version 17
VisualStudioVersion = 17.13.35617.110 d17.13
MinimumVisualStudioVersion = 10.0.40219.1
Project("{FAE04EC0-301F-11D3-BF4B-00C04F79EFBC}") = "GameBoySharp", "GameBoySharp\GameBoySharp.csproj", "{A1338E30-79FF-4A8E-9D2D-64E90D05C390}"
EndProject
Global
	GlobalSection(SolutionConfigurationPlatforms) = preSolution
		Debug|Any CPU = Debug|Any CPU
		Release|Any CPU = Release|Any CPU
	EndGlobalSection
	GlobalSection(ProjectConfigurationPlatforms) = postSolution
		{A1338E30-79FF-4A8E-9D2D-64E90D05C390}.Debug|Any CPU.ActiveCfg = Debug|Any CPU
		{A1338E30-79FF-4A8E-9D2D-64E90D05C390}.Debug|Any CPU.Build.0 = Debug|Any CPU
		{A1338E30-79FF-4A8E-9D2D-64E90D05C390}.Release|Any CPU.ActiveCfg = Release|Any CPU
		{A1338E30-79FF-4A8E-9D2D-64E90D05C390}.Release|Any CPU.Build.0 = Release|Any CPU
	EndGlobalSection
	GlobalSection(SolutionProperties) = preSolution
		HideSolutionNode = FALSE
	EndGlobalSection
	GlobalSection(ExtensibilityGlobals) = postSolution
		SolutionGuid = {45575A0B-4FFF-432B-97E9-670416CBF89D}
	EndGlobalSection
EndGlobal
